
Microsoft Visual Studio Solution File, Format Version 12.00
# Visual Studio Version 17
VisualStudioVersion = 17.7.34202.233
MinimumVisualStudioVersion = 10.0.40219.1
Project("{FAE04EC0-301F-11D3-BF4B-00C04F79EFBC}") = "array", "array.csproj", "{3D683773-D5B5-409B-A8D2-EAA55009345D}"
EndProject
Global
	GlobalSection(SolutionConfigurationPlatforms) = preSolution
		Debug|Any CPU = Debug|Any CPU
		Release|Any CPU = Release|Any CPU
	EndGlobalSection
	GlobalSection(ProjectConfigurationPlatforms) = postSolution
		{3D683773-D5B5-409B-A8D2-EAA55009345D}.Debug|Any CPU.ActiveCfg = Debug|Any CPU
		{3D683773-D5B5-409B-A8D2-EAA55009345D}.Debug|Any CPU.Build.0 = Debug|Any CPU
		{3D683773-D5B5-409B-A8D2-EAA55009345D}.Release|Any CPU.ActiveCfg = Release|Any CPU
		{3D683773-D5B5-409B-A8D2-EAA55009345D}.Release|Any CPU.Build.0 = Release|Any CPU
	EndGlobalSection
	GlobalSection(SolutionProperties) = preSolution
		HideSolutionNode = FALSE
	EndGlobalSection
	GlobalSection(ExtensibilityGlobals) = postSolution
		SolutionGuid = {E2AF7DF6-EF74-487D-857F-653ECFD6D2B5}
	EndGlobalSection
EndGlobal
